
Microsoft Visual Studio Solution File, Format Version 12.00
# Visual Studio 15
VisualStudioVersion = 15.0.26403.7
MinimumVisualStudioVersion = 10.0.40219.1
Project("{FAE04EC0-301F-11D3-BF4B-00C04F79EFBC}") = "EnumerableDemos", "EnumerableDemos\EnumerableDemos.csproj", "{B6DB624F-9D03-483C-990E-1EEE04594415}"
EndProject
Project("{FAE04EC0-301F-11D3-BF4B-00C04F79EFBC}") = "Console", "Console\Console.csproj", "{6EC51C12-7CA8-45CB-B29B-607AE7F1498B}"
EndProject
Project("{FAE04EC0-301F-11D3-BF4B-00C04F79EFBC}") = "DAL", "DAL\DAL.csproj", "{5520FF05-3C19-4D3E-B9CB-E9F7D45D9EF9}"
EndProject
Project("{FAE04EC0-301F-11D3-BF4B-00C04F79EFBC}") = "UWP-App", "UWP-App\UWP-App.csproj", "{BEA2260F-1EE2-4AF6-860A-7EEA335250C1}"
EndProject
Project("{FAE04EC0-301F-11D3-BF4B-00C04F79EFBC}") = "WCFServices", "WCFServices\WCFServices.csproj", "{577B6FC4-ACD7-43C3-934A-3F92FC7D9D9A}"
EndProject
Global
	GlobalSection(SolutionConfigurationPlatforms) = preSolution
		Debug|Any CPU = Debug|Any CPU
		Debug|ARM = Debug|ARM
		Debug|x64 = Debug|x64
		Debug|x86 = Debug|x86
		Release|Any CPU = Release|Any CPU
		Release|ARM = Release|ARM
		Release|x64 = Release|x64
		Release|x86 = Release|x86
	EndGlobalSection
	GlobalSection(ProjectConfigurationPlatforms) = postSolution
		{B6DB624F-9D03-483C-990E-1EEE04594415}.Debug|Any CPU.ActiveCfg = Debug|Any CPU
		{B6DB624F-9D03-483C-990E-1EEE04594415}.Debug|Any CPU.Build.0 = Debug|Any CPU
		{B6DB624F-9D03-483C-990E-1EEE04594415}.Debug|ARM.ActiveCfg = Debug|Any CPU
		{B6DB624F-9D03-483C-990E-1EEE04594415}.Debug|ARM.Build.0 = Debug|Any CPU
		{B6DB624F-9D03-483C-990E-1EEE04594415}.Debug|x64.ActiveCfg = Debug|Any CPU
		{B6DB624F-9D03-483C-990E-1EEE04594415}.Debug|x64.Build.0 = Debug|Any CPU
		{B6DB624F-9D03-483C-990E-1EEE04594415}.Debug|x86.ActiveCfg = Debug|Any CPU
		{B6DB624F-9D03-483C-990E-1EEE04594415}.Debug|x86.Build.0 = Debug|Any CPU
		{B6DB624F-9D03-483C-990E-1EEE04594415}.Release|Any CPU.ActiveCfg = Release|Any CPU
		{B6DB624F-9D03-483C-990E-1EEE04594415}.Release|Any CPU.Build.0 = Release|Any CPU
		{B6DB624F-9D03-483C-990E-1EEE04594415}.Release|ARM.ActiveCfg = Release|Any CPU
		{B6DB624F-9D03-483C-990E-1EEE04594415}.Release|ARM.Build.0 = Release|Any CPU
		{B6DB624F-9D03-483C-990E-1EEE04594415}.Release|x64.ActiveCfg = Release|Any CPU
		{B6DB624F-9D03-483C-990E-1EEE04594415}.Release|x64.Build.0 = Release|Any CPU
		{B6DB624F-9D03-483C-990E-1EEE04594415}.Release|x86.ActiveCfg = Release|Any CPU
		{B6DB624F-9D03-483C-990E-1EEE04594415}.Release|x86.Build.0 = Release|Any CPU
		{6EC51C12-7CA8-45CB-B29B-607AE7F1498B}.Debug|Any CPU.ActiveCfg = Debug|Any CPU
		{6EC51C12-7CA8-45CB-B29B-607AE7F1498B}.Debug|Any CPU.Build.0 = Debug|Any CPU
		{6EC51C12-7CA8-45CB-B29B-607AE7F1498B}.Debug|ARM.ActiveCfg = Debug|Any CPU
		{6EC51C12-7CA8-45CB-B29B-607AE7F1498B}.Debug|ARM.Build.0 = Debug|Any CPU
		{6EC51C12-7CA8-45CB-B29B-607AE7F1498B}.Debug|x64.ActiveCfg = Debug|Any CPU
		{6EC51C12-7CA8-45CB-B29B-607AE7F1498B}.Debug|x64.Build.0 = Debug|Any CPU
		{6EC51C12-7CA8-45CB-B29B-607AE7F1498B}.Debug|x86.ActiveCfg = Debug|Any CPU
		{6EC51C12-7CA8-45CB-B29B-607AE7F1498B}.Debug|x86.Build.0 = Debug|Any CPU
		{6EC51C12-7CA8-45CB-B29B-607AE7F1498B}.Release|Any CPU.ActiveCfg = Release|Any CPU
		{6EC51C12-7CA8-45CB-B29B-607AE7F1498B}.Release|Any CPU.Build.0 = Release|Any CPU
		{6EC51C12-7CA8-45CB-B29B-607AE7F1498B}.Release|ARM.ActiveCfg = Release|Any CPU
		{6EC51C12-7CA8-45CB-B29B-607AE7F1498B}.Release|ARM.Build.0 = Release|Any CPU
		{6EC51C12-7CA8-45CB-B29B-607AE7F1498B}.Release|x64.ActiveCfg = Release|Any CPU
		{6EC51C12-7CA8-45CB-B29B-607AE7F1498B}.Release|x64.Build.0 = Release|Any CPU
		{6EC51C12-7CA8-45CB-B29B-607AE7F1498B}.Release|x86.ActiveCfg = Release|Any CPU
		{6EC51C12-7CA8-45CB-B29B-607AE7F1498B}.Release|x86.Build.0 = Release|Any CPU
		{5520FF05-3C19-4D3E-B9CB-E9F7D45D9EF9}.Debug|Any CPU.ActiveCfg = Debug|Any CPU
		{5520FF05-3C19-4D3E-B9CB-E9F7D45D9EF9}.Debug|Any CPU.Build.0 = Debug|Any CPU
		{5520FF05-3C19-4D3E-B9CB-E9F7D45D9EF9}.Debug|ARM.ActiveCfg = Debug|Any CPU
		{5520FF05-3C19-4D3E-B9CB-E9F7D45D9EF9}.Debug|ARM.Build.0 = Debug|Any CPU
		{5520FF05-3C19-4D3E-B9CB-E9F7D45D9EF9}.Debug|x64.ActiveCfg = Debug|Any CPU
		{5520FF05-3C19-4D3E-B9CB-E9F7D45D9EF9}.Debug|x64.Build.0 = Debug|Any CPU
		{5520FF05-3C19-4D3E-B9CB-E9F7D45D9EF9}.Debug|x86.ActiveCfg = Debug|Any CPU
		{5520FF05-3C19-4D3E-B9CB-E9F7D45D9EF9}.Debug|x86.Build.0 = Debug|Any CPU
		{5520FF05-3C19-4D3E-B9CB-E9F7D45D9EF9}.Release|Any CPU.ActiveCfg = Release|Any CPU
		{5520FF05-3C19-4D3E-B9CB-E9F7D45D9EF9}.Release|Any CPU.Build.0 = Release|Any CPU
		{5520FF05-3C19-4D3E-B9CB-E9F7D45D9EF9}.Release|ARM.ActiveCfg = Release|Any CPU
		{5520FF05-3C19-4D3E-B9CB-E9F7D45D9EF9}.Release|ARM.Build.0 = Release|Any CPU
		{5520FF05-3C19-4D3E-B9CB-E9F7D45D9EF9}.Release|x64.ActiveCfg = Release|Any CPU
		{5520FF05-3C19-4D3E-B9CB-E9F7D45D9EF9}.Release|x64.Build.0 = Release|Any CPU
		{5520FF05-3C19-4D3E-B9CB-E9F7D45D9EF9}.Release|x86.ActiveCfg = Release|Any CPU
		{5520FF05-3C19-4D3E-B9CB-E9F7D45D9EF9}.Release|x86.Build.0 = Release|Any CPU
		{BEA2260F-1EE2-4AF6-860A-7EEA335250C1}.Debug|Any CPU.ActiveCfg = Debug|x86
		{BEA2260F-1EE2-4AF6-860A-7EEA335250C1}.Debug|ARM.ActiveCfg = Debug|ARM
		{BEA2260F-1EE2-4AF6-860A-7EEA335250C1}.Debug|ARM.Build.0 = Debug|ARM
		{BEA2260F-1EE2-4AF6-860A-7EEA335250C1}.Debug|ARM.Deploy.0 = Debug|ARM
		{BEA2260F-1EE2-4AF6-860A-7EEA335250C1}.Debug|x64.ActiveCfg = Debug|x64
		{BEA2260F-1EE2-4AF6-860A-7EEA335250C1}.Debug|x64.Build.0 = Debug|x64
		{BEA2260F-1EE2-4AF6-860A-7EEA335250C1}.Debug|x64.Deploy.0 = Debug|x64
		{BEA2260F-1EE2-4AF6-860A-7EEA335250C1}.Debug|x86.ActiveCfg = Debug|x86
		{BEA2260F-1EE2-4AF6-860A-7EEA335250C1}.Debug|x86.Build.0 = Debug|x86
		{BEA2260F-1EE2-4AF6-860A-7EEA335250C1}.Debug|x86.Deploy.0 = Debug|x86
		{BEA2260F-1EE2-4AF6-860A-7EEA335250C1}.Release|Any CPU.ActiveCfg = Release|x86
		{BEA2260F-1EE2-4AF6-860A-7EEA335250C1}.Release|ARM.ActiveCfg = Release|ARM
		{BEA2260F-1EE2-4AF6-860A-7EEA335250C1}.Release|ARM.Build.0 = Release|ARM
		{BEA2260F-1EE2-4AF6-860A-7EEA335250C1}.Release|ARM.Deploy.0 = Release|ARM
		{BEA2260F-1EE2-4AF6-860A-7EEA335250C1}.Release|x64.ActiveCfg = Release|x64
		{BEA2260F-1EE2-4AF6-860A-7EEA335250C1}.Release|x64.Build.0 = Release|x64
		{BEA2260F-1EE2-4AF6-860A-7EEA335250C1}.Release|x64.Deploy.0 = Release|x64
		{BEA2260F-1EE2-4AF6-860A-7EEA335250C1}.Release|x86.ActiveCfg = Release|x86
		{BEA2260F-1EE2-4AF6-860A-7EEA335250C1}.Release|x86.Build.0 = Release|x86
		{BEA2260F-1EE2-4AF6-860A-7EEA335250C1}.Release|x86.Deploy.0 = Release|x86
		{577B6FC4-ACD7-43C3-934A-3F92FC7D9D9A}.Debug|Any CPU.ActiveCfg = Debug|Any CPU
		{577B6FC4-ACD7-43C3-934A-3F92FC7D9D9A}.Debug|Any CPU.Build.0 = Debug|Any CPU
		{577B6FC4-ACD7-43C3-934A-3F92FC7D9D9A}.Debug|ARM.ActiveCfg = Debug|Any CPU
		{577B6FC4-ACD7-43C3-934A-3F92FC7D9D9A}.Debug|ARM.Build.0 = Debug|Any CPU
		{577B6FC4-ACD7-43C3-934A-3F92FC7D9D9A}.Debug|x64.ActiveCfg = Debug|Any CPU
		{577B6FC4-ACD7-43C3-934A-3F92FC7D9D9A}.Debug|x64.Build.0 = Debug|Any CPU
		{577B6FC4-ACD7-43C3-934A-3F92FC7D9D9A}.Debug|x86.ActiveCfg = Debug|Any CPU
		{577B6FC4-ACD7-43C3-934A-3F92FC7D9D9A}.Debug|x86.Build.0 = Debug|Any CPU
		{577B6FC4-ACD7-43C3-934A-3F92FC7D9D9A}.Release|Any CPU.ActiveCfg = Release|Any CPU
		{577B6FC4-ACD7-43C3-934A-3F92FC7D9D9A}.Release|Any CPU.Build.0 = Release|Any CPU
		{577B6FC4-ACD7-43C3-934A-3F92FC7D9D9A}.Release|ARM.ActiveCfg = Release|Any CPU
		{577B6FC4-ACD7-43C3-934A-3F92FC7D9D9A}.Release|ARM.Build.0 = Release|Any CPU
		{577B6FC4-ACD7-43C3-934A-3F92FC7D9D9A}.Release|x64.ActiveCfg = Release|Any CPU
		{577B6FC4-ACD7-43C3-934A-3F92FC7D9D9A}.Release|x64.Build.0 = Release|Any CPU
		{577B6FC4-ACD7-43C3-934A-3F92FC7D9D9A}.Release|x86.ActiveCfg = Release|Any CPU
		{577B6FC4-ACD7-43C3-934A-3F92FC7D9D9A}.Release|x86.Build.0 = Release|Any CPU
	EndGlobalSection
	GlobalSection(SolutionProperties) = preSolution
		HideSolutionNode = FALSE
	EndGlobalSection
EndGlobal
